
Microsoft Visual Studio Solution File, Format Version 12.00
# Visual Studio Version 16
VisualStudioVersion = 16.0.30011.22
MinimumVisualStudioVersion = 10.0.40219.1
Project("{888888A0-9F3D-457C-B088-3A5042F75D52}") = "Masculinity_Script", "Masculinity_Script.pyproj", "{1B9A17A6-AB84-4C3F-8E49-71CBA898CAB3}"
EndProject
Global
	GlobalSection(SolutionConfigurationPlatforms) = preSolution
		Debug|Any CPU = Debug|Any CPU
		Release|Any CPU = Release|Any CPU
	EndGlobalSection
	GlobalSection(ProjectConfigurationPlatforms) = postSolution
		{1B9A17A6-AB84-4C3F-8E49-71CBA898CAB3}.Debug|Any CPU.ActiveCfg = Debug|Any CPU
		{1B9A17A6-AB84-4C3F-8E49-71CBA898CAB3}.Release|Any CPU.ActiveCfg = Release|Any CPU
	EndGlobalSection
	GlobalSection(SolutionProperties) = preSolution
		HideSolutionNode = FALSE
	EndGlobalSection
	GlobalSection(ExtensibilityGlobals) = postSolution
		SolutionGuid = {FB277096-5F36-46B2-9AB3-049FA4F5781D}
	EndGlobalSection
EndGlobal
